
Microsoft Visual Studio Solution File, Format Version 12.00
# Visual Studio Version 17
VisualStudioVersion = 17.13.35931.197
MinimumVisualStudioVersion = 10.0.40219.1
Project("{8BC9CEB8-8B4A-11D0-8D11-00A0C91BC942}") = "HelloWorld", "HelloWorld\HelloWorld.vcxproj", "{283B9545-D574-48CB-8B82-4C0B4805ED84}"
EndProject
Project("{8BC9CEB8-8B4A-11D0-8D11-00A0C91BC942}") = "DataTypes", "DataTypes\DataTypes.vcxproj", "{547F63A5-1266-4694-BC53-0E715954F0BC}"
EndProject
Project("{8BC9CEB8-8B4A-11D0-8D11-00A0C91BC942}") = "GuessingGame", "GuessingGame\GuessingGame.vcxproj", "{1A485354-143B-4079-BCE4-80AEBE58BA67}"
EndProject
Project("{8BC9CEB8-8B4A-11D0-8D11-00A0C91BC942}") = "UserDataTypes", "UserDataTypes\UserDataTypes.vcxproj", "{32DF5EEE-CC01-4337-BB1C-CBBCF88D9931}"
EndProject
Project("{8BC9CEB8-8B4A-11D0-8D11-00A0C91BC942}") = "Memory1", "Memory1\Memory1.vcxproj", "{FBEA72DE-E9DF-4E7F-82BE-83785745C894}"
EndProject
Project("{8BC9CEB8-8B4A-11D0-8D11-00A0C91BC942}") = "MemoryReview", "MemoryReview\MemoryReview.vcxproj", "{AD187320-F702-4BBA-83C4-FE157267B37D}"
EndProject
Project("{8BC9CEB8-8B4A-11D0-8D11-00A0C91BC942}") = "Containers", "Containers\Containers.vcxproj", "{42681433-CB23-45E3-A3E4-D159CC11EAF8}"
EndProject
Project("{8BC9CEB8-8B4A-11D0-8D11-00A0C91BC942}") = "OOP", "OOP\OOP.vcxproj", "{077DB962-F138-4682-9DB0-F6AD617E5DB2}"
EndProject
Project("{8BC9CEB8-8B4A-11D0-8D11-00A0C91BC942}") = "Classes", "Classes\Classes.vcxproj", "{A045F42E-09F6-4F24-AEAE-DFCE07AD9837}"
EndProject
Project("{8BC9CEB8-8B4A-11D0-8D11-00A0C91BC942}") = "Fail", "Fail\Fail.vcxproj", "{F2D59785-1615-492A-8D89-495765E28DFD}"
EndProject
Project("{8BC9CEB8-8B4A-11D0-8D11-00A0C91BC942}") = "FunctionOverloading", "FunctionOverloading\FunctionOverloading.vcxproj", "{9840F4EA-09AE-4A9A-9BAA-E81665B9D709}"
EndProject
Project("{8BC9CEB8-8B4A-11D0-8D11-00A0C91BC942}") = "Streams", "Streams\Streams.vcxproj", "{739A5080-340C-41FF-B224-6E9DF0500DBC}"
EndProject
Project("{8BC9CEB8-8B4A-11D0-8D11-00A0C91BC942}") = "Fractions", "Fraction\Fraction.vcxproj", "{A7452B1A-DB8A-471D-BFF1-33BF0FED4368}"
EndProject
Project("{8BC9CEB8-8B4A-11D0-8D11-00A0C91BC942}") = "Template", "Template\Template.vcxproj", "{E6BE6E4C-35FC-4B94-A925-F00C97A11FA2}"
EndProject
Project("{8BC9CEB8-8B4A-11D0-8D11-00A0C91BC942}") = "Pointers", "Pointers\Pointers.vcxproj", "{3AC9B6DF-9CF4-4F08-A94A-45DC4960D678}"
EndProject
Project("{8BC9CEB8-8B4A-11D0-8D11-00A0C91BC942}") = "Final", "Final\Final.vcxproj", "{B5ABDC32-8A6F-4B32-8D65-0C01D14F8984}"
EndProject
Global
	GlobalSection(SolutionConfigurationPlatforms) = preSolution
		Debug|x64 = Debug|x64
		Debug|x86 = Debug|x86
		Release|x64 = Release|x64
		Release|x86 = Release|x86
	EndGlobalSection
	GlobalSection(ProjectConfigurationPlatforms) = postSolution
		{283B9545-D574-48CB-8B82-4C0B4805ED84}.Debug|x64.ActiveCfg = Debug|x64
		{283B9545-D574-48CB-8B82-4C0B4805ED84}.Debug|x64.Build.0 = Debug|x64
		{283B9545-D574-48CB-8B82-4C0B4805ED84}.Debug|x86.ActiveCfg = Debug|Win32
		{283B9545-D574-48CB-8B82-4C0B4805ED84}.Debug|x86.Build.0 = Debug|Win32
		{283B9545-D574-48CB-8B82-4C0B4805ED84}.Release|x64.ActiveCfg = Release|x64
		{283B9545-D574-48CB-8B82-4C0B4805ED84}.Release|x64.Build.0 = Release|x64
		{283B9545-D574-48CB-8B82-4C0B4805ED84}.Release|x86.ActiveCfg = Release|Win32
		{283B9545-D574-48CB-8B82-4C0B4805ED84}.Release|x86.Build.0 = Release|Win32
		{547F63A5-1266-4694-BC53-0E715954F0BC}.Debug|x64.ActiveCfg = Debug|x64
		{547F63A5-1266-4694-BC53-0E715954F0BC}.Debug|x64.Build.0 = Debug|x64
		{547F63A5-1266-4694-BC53-0E715954F0BC}.Debug|x86.ActiveCfg = Debug|Win32
		{547F63A5-1266-4694-BC53-0E715954F0BC}.Debug|x86.Build.0 = Debug|Win32
		{547F63A5-1266-4694-BC53-0E715954F0BC}.Release|x64.ActiveCfg = Release|x64
		{547F63A5-1266-4694-BC53-0E715954F0BC}.Release|x64.Build.0 = Release|x64
		{547F63A5-1266-4694-BC53-0E715954F0BC}.Release|x86.ActiveCfg = Release|Win32
		{547F63A5-1266-4694-BC53-0E715954F0BC}.Release|x86.Build.0 = Release|Win32
		{1A485354-143B-4079-BCE4-80AEBE58BA67}.Debug|x64.ActiveCfg = Debug|x64
		{1A485354-143B-4079-BCE4-80AEBE58BA67}.Debug|x64.Build.0 = Debug|x64
		{1A485354-143B-4079-BCE4-80AEBE58BA67}.Debug|x86.ActiveCfg = Debug|Win32
		{1A485354-143B-4079-BCE4-80AEBE58BA67}.Debug|x86.Build.0 = Debug|Win32
		{1A485354-143B-4079-BCE4-80AEBE58BA67}.Release|x64.ActiveCfg = Release|x64
		{1A485354-143B-4079-BCE4-80AEBE58BA67}.Release|x64.Build.0 = Release|x64
		{1A485354-143B-4079-BCE4-80AEBE58BA67}.Release|x86.ActiveCfg = Release|Win32
		{1A485354-143B-4079-BCE4-80AEBE58BA67}.Release|x86.Build.0 = Release|Win32
		{32DF5EEE-CC01-4337-BB1C-CBBCF88D9931}.Debug|x64.ActiveCfg = Debug|x64
		{32DF5EEE-CC01-4337-BB1C-CBBCF88D9931}.Debug|x64.Build.0 = Debug|x64
		{32DF5EEE-CC01-4337-BB1C-CBBCF88D9931}.Debug|x86.ActiveCfg = Debug|Win32
		{32DF5EEE-CC01-4337-BB1C-CBBCF88D9931}.Debug|x86.Build.0 = Debug|Win32
		{32DF5EEE-CC01-4337-BB1C-CBBCF88D9931}.Release|x64.ActiveCfg = Release|x64
		{32DF5EEE-CC01-4337-BB1C-CBBCF88D9931}.Release|x64.Build.0 = Release|x64
		{32DF5EEE-CC01-4337-BB1C-CBBCF88D9931}.Release|x86.ActiveCfg = Release|Win32
		{32DF5EEE-CC01-4337-BB1C-CBBCF88D9931}.Release|x86.Build.0 = Release|Win32
		{FBEA72DE-E9DF-4E7F-82BE-83785745C894}.Debug|x64.ActiveCfg = Debug|x64
		{FBEA72DE-E9DF-4E7F-82BE-83785745C894}.Debug|x64.Build.0 = Debug|x64
		{FBEA72DE-E9DF-4E7F-82BE-83785745C894}.Debug|x86.ActiveCfg = Debug|Win32
		{FBEA72DE-E9DF-4E7F-82BE-83785745C894}.Debug|x86.Build.0 = Debug|Win32
		{FBEA72DE-E9DF-4E7F-82BE-83785745C894}.Release|x64.ActiveCfg = Release|x64
		{FBEA72DE-E9DF-4E7F-82BE-83785745C894}.Release|x64.Build.0 = Release|x64
		{FBEA72DE-E9DF-4E7F-82BE-83785745C894}.Release|x86.ActiveCfg = Release|Win32
		{FBEA72DE-E9DF-4E7F-82BE-83785745C894}.Release|x86.Build.0 = Release|Win32
		{AD187320-F702-4BBA-83C4-FE157267B37D}.Debug|x64.ActiveCfg = Debug|x64
		{AD187320-F702-4BBA-83C4-FE157267B37D}.Debug|x64.Build.0 = Debug|x64
		{AD187320-F702-4BBA-83C4-FE157267B37D}.Debug|x86.ActiveCfg = Debug|Win32
		{AD187320-F702-4BBA-83C4-FE157267B37D}.Debug|x86.Build.0 = Debug|Win32
		{AD187320-F702-4BBA-83C4-FE157267B37D}.Release|x64.ActiveCfg = Release|x64
		{AD187320-F702-4BBA-83C4-FE157267B37D}.Release|x64.Build.0 = Release|x64
		{AD187320-F702-4BBA-83C4-FE157267B37D}.Release|x86.ActiveCfg = Release|Win32
		{AD187320-F702-4BBA-83C4-FE157267B37D}.Release|x86.Build.0 = Release|Win32
		{42681433-CB23-45E3-A3E4-D159CC11EAF8}.Debug|x64.ActiveCfg = Debug|x64
		{42681433-CB23-45E3-A3E4-D159CC11EAF8}.Debug|x64.Build.0 = Debug|x64
		{42681433-CB23-45E3-A3E4-D159CC11EAF8}.Debug|x86.ActiveCfg = Debug|Win32
		{42681433-CB23-45E3-A3E4-D159CC11EAF8}.Debug|x86.Build.0 = Debug|Win32
		{42681433-CB23-45E3-A3E4-D159CC11EAF8}.Release|x64.ActiveCfg = Release|x64
		{42681433-CB23-45E3-A3E4-D159CC11EAF8}.Release|x64.Build.0 = Release|x64
		{42681433-CB23-45E3-A3E4-D159CC11EAF8}.Release|x86.ActiveCfg = Release|Win32
		{42681433-CB23-45E3-A3E4-D159CC11EAF8}.Release|x86.Build.0 = Release|Win32
		{077DB962-F138-4682-9DB0-F6AD617E5DB2}.Debug|x64.ActiveCfg = Debug|x64
		{077DB962-F138-4682-9DB0-F6AD617E5DB2}.Debug|x64.Build.0 = Debug|x64
		{077DB962-F138-4682-9DB0-F6AD617E5DB2}.Debug|x86.ActiveCfg = Debug|Win32
		{077DB962-F138-4682-9DB0-F6AD617E5DB2}.Debug|x86.Build.0 = Debug|Win32
		{077DB962-F138-4682-9DB0-F6AD617E5DB2}.Release|x64.ActiveCfg = Release|x64
		{077DB962-F138-4682-9DB0-F6AD617E5DB2}.Release|x64.Build.0 = Release|x64
		{077DB962-F138-4682-9DB0-F6AD617E5DB2}.Release|x86.ActiveCfg = Release|Win32
		{077DB962-F138-4682-9DB0-F6AD617E5DB2}.Release|x86.Build.0 = Release|Win32
		{A045F42E-09F6-4F24-AEAE-DFCE07AD9837}.Debug|x64.ActiveCfg = Debug|x64
		{A045F42E-09F6-4F24-AEAE-DFCE07AD9837}.Debug|x64.Build.0 = Debug|x64
		{A045F42E-09F6-4F24-AEAE-DFCE07AD9837}.Debug|x86.ActiveCfg = Debug|Win32
		{A045F42E-09F6-4F24-AEAE-DFCE07AD9837}.Debug|x86.Build.0 = Debug|Win32
		{A045F42E-09F6-4F24-AEAE-DFCE07AD9837}.Release|x64.ActiveCfg = Release|x64
		{A045F42E-09F6-4F24-AEAE-DFCE07AD9837}.Release|x64.Build.0 = Release|x64
		{A045F42E-09F6-4F24-AEAE-DFCE07AD9837}.Release|x86.ActiveCfg = Release|Win32
		{A045F42E-09F6-4F24-AEAE-DFCE07AD9837}.Release|x86.Build.0 = Release|Win32
		{F2D59785-1615-492A-8D89-495765E28DFD}.Debug|x64.ActiveCfg = Debug|x64
		{F2D59785-1615-492A-8D89-495765E28DFD}.Debug|x64.Build.0 = Debug|x64
		{F2D59785-1615-492A-8D89-495765E28DFD}.Debug|x86.ActiveCfg = Debug|Win32
		{F2D59785-1615-492A-8D89-495765E28DFD}.Debug|x86.Build.0 = Debug|Win32
		{F2D59785-1615-492A-8D89-495765E28DFD}.Release|x64.ActiveCfg = Release|x64
		{F2D59785-1615-492A-8D89-495765E28DFD}.Release|x64.Build.0 = Release|x64
		{F2D59785-1615-492A-8D89-495765E28DFD}.Release|x86.ActiveCfg = Release|Win32
		{F2D59785-1615-492A-8D89-495765E28DFD}.Release|x86.Build.0 = Release|Win32
		{9840F4EA-09AE-4A9A-9BAA-E81665B9D709}.Debug|x64.ActiveCfg = Debug|x64
		{9840F4EA-09AE-4A9A-9BAA-E81665B9D709}.Debug|x64.Build.0 = Debug|x64
		{9840F4EA-09AE-4A9A-9BAA-E81665B9D709}.Debug|x86.ActiveCfg = Debug|Win32
		{9840F4EA-09AE-4A9A-9BAA-E81665B9D709}.Debug|x86.Build.0 = Debug|Win32
		{9840F4EA-09AE-4A9A-9BAA-E81665B9D709}.Release|x64.ActiveCfg = Release|x64
		{9840F4EA-09AE-4A9A-9BAA-E81665B9D709}.Release|x64.Build.0 = Release|x64
		{9840F4EA-09AE-4A9A-9BAA-E81665B9D709}.Release|x86.ActiveCfg = Release|Win32
		{9840F4EA-09AE-4A9A-9BAA-E81665B9D709}.Release|x86.Build.0 = Release|Win32
		{739A5080-340C-41FF-B224-6E9DF0500DBC}.Debug|x64.ActiveCfg = Debug|x64
		{739A5080-340C-41FF-B224-6E9DF0500DBC}.Debug|x64.Build.0 = Debug|x64
		{739A5080-340C-41FF-B224-6E9DF0500DBC}.Debug|x86.ActiveCfg = Debug|Win32
		{739A5080-340C-41FF-B224-6E9DF0500DBC}.Debug|x86.Build.0 = Debug|Win32
		{739A5080-340C-41FF-B224-6E9DF0500DBC}.Release|x64.ActiveCfg = Release|x64
		{739A5080-340C-41FF-B224-6E9DF0500DBC}.Release|x64.Build.0 = Release|x64
		{739A5080-340C-41FF-B224-6E9DF0500DBC}.Release|x86.ActiveCfg = Release|Win32
		{739A5080-340C-41FF-B224-6E9DF0500DBC}.Release|x86.Build.0 = Release|Win32
		{A7452B1A-DB8A-471D-BFF1-33BF0FED4368}.Debug|x64.ActiveCfg = Debug|x64
		{A7452B1A-DB8A-471D-BFF1-33BF0FED4368}.Debug|x64.Build.0 = Debug|x64
		{A7452B1A-DB8A-471D-BFF1-33BF0FED4368}.Debug|x86.ActiveCfg = Debug|Win32
		{A7452B1A-DB8A-471D-BFF1-33BF0FED4368}.Debug|x86.Build.0 = Debug|Win32
		{A7452B1A-DB8A-471D-BFF1-33BF0FED4368}.Release|x64.ActiveCfg = Release|x64
		{A7452B1A-DB8A-471D-BFF1-33BF0FED4368}.Release|x64.Build.0 = Release|x64
		{A7452B1A-DB8A-471D-BFF1-33BF0FED4368}.Release|x86.ActiveCfg = Release|Win32
		{A7452B1A-DB8A-471D-BFF1-33BF0FED4368}.Release|x86.Build.0 = Release|Win32
		{E6BE6E4C-35FC-4B94-A925-F00C97A11FA2}.Debug|x64.ActiveCfg = Debug|x64
		{E6BE6E4C-35FC-4B94-A925-F00C97A11FA2}.Debug|x64.Build.0 = Debug|x64
		{E6BE6E4C-35FC-4B94-A925-F00C97A11FA2}.Debug|x86.ActiveCfg = Debug|Win32
		{E6BE6E4C-35FC-4B94-A925-F00C97A11FA2}.Debug|x86.Build.0 = Debug|Win32
		{E6BE6E4C-35FC-4B94-A925-F00C97A11FA2}.Release|x64.ActiveCfg = Release|x64
		{E6BE6E4C-35FC-4B94-A925-F00C97A11FA2}.Release|x64.Build.0 = Release|x64
		{E6BE6E4C-35FC-4B94-A925-F00C97A11FA2}.Release|x86.ActiveCfg = Release|Win32
		{E6BE6E4C-35FC-4B94-A925-F00C97A11FA2}.Release|x86.Build.0 = Release|Win32
		{3AC9B6DF-9CF4-4F08-A94A-45DC4960D678}.Debug|x64.ActiveCfg = Debug|x64
		{3AC9B6DF-9CF4-4F08-A94A-45DC4960D678}.Debug|x64.Build.0 = Debug|x64
		{3AC9B6DF-9CF4-4F08-A94A-45DC4960D678}.Debug|x86.ActiveCfg = Debug|Win32
		{3AC9B6DF-9CF4-4F08-A94A-45DC4960D678}.Debug|x86.Build.0 = Debug|Win32
		{3AC9B6DF-9CF4-4F08-A94A-45DC4960D678}.Release|x64.ActiveCfg = Release|x64
		{3AC9B6DF-9CF4-4F08-A94A-45DC4960D678}.Release|x64.Build.0 = Release|x64
		{3AC9B6DF-9CF4-4F08-A94A-45DC4960D678}.Release|x86.ActiveCfg = Release|Win32
		{3AC9B6DF-9CF4-4F08-A94A-45DC4960D678}.Release|x86.Build.0 = Release|Win32
		{B5ABDC32-8A6F-4B32-8D65-0C01D14F8984}.Debug|x64.ActiveCfg = Debug|x64
		{B5ABDC32-8A6F-4B32-8D65-0C01D14F8984}.Debug|x64.Build.0 = Debug|x64
		{B5ABDC32-8A6F-4B32-8D65-0C01D14F8984}.Debug|x86.ActiveCfg = Debug|Win32
		{B5ABDC32-8A6F-4B32-8D65-0C01D14F8984}.Debug|x86.Build.0 = Debug|Win32
		{B5ABDC32-8A6F-4B32-8D65-0C01D14F8984}.Release|x64.ActiveCfg = Release|x64
		{B5ABDC32-8A6F-4B32-8D65-0C01D14F8984}.Release|x64.Build.0 = Release|x64
		{B5ABDC32-8A6F-4B32-8D65-0C01D14F8984}.Release|x86.ActiveCfg = Release|Win32
		{B5ABDC32-8A6F-4B32-8D65-0C01D14F8984}.Release|x86.Build.0 = Release|Win32
	EndGlobalSection
	GlobalSection(SolutionProperties) = preSolution
		HideSolutionNode = FALSE
	EndGlobalSection
	GlobalSection(ExtensibilityGlobals) = postSolution
		SolutionGuid = {09453CA1-1005-4212-9942-E3B209BB1D94}
	EndGlobalSection
EndGlobal
